// !$*UTF8*$!
{
	archiveVersion = 1;
	classes = {
	};
	objectVersion = 60;
	objects = {

/* Begin PBXBuildFile section */
		30CCC402300419BD00035C14 /* AppButtons.swift in Sources */ = {isa = PBXBuildFile; fileRef = 30CCC394300419BD00035C14 /* AppButtons.swift */; };
		30CCC403300419BD00035C14 /* AppCells.swift in Sources */ = {isa = PBXBuildFile; fileRef = 30CCC395300419BD00035C14 /* AppCells.swift */; };
		30CCC404300419BD00035C14 /* AppDesignTokens.swift in Sources */ = {isa = PBXBuildFile; fileRef = 30CCC396300419BD00035C14 /* AppDesignTokens.swift */; };
		30CCC405300419BD00035C14 /* AppScreenShell.swift in Sources */ = {isa = PBXBuildFile; fileRef = 30CCC397300419BD00035C14 /* AppScreenShell.swift */; };
		30CCC406300419BD00035C14 /* FormComponents.swift in Sources */ = {isa = PBXBuildFile; fileRef = 30CCC398300419BD00035C14 /* FormComponents.swift */; };
		30CCC407300419BD00035C14 /* EmptyStateView.swift in Sources */ = {isa = PBXBuildFile; fileRef = 30CCC39A300419BD00035C14 /* EmptyStateView.swift */; };
		30CCC408300419BD00035C14 /* GradientBackground.swift in Sources */ = {isa = PBXBuildFile; fileRef = 30CCC39B300419BD00035C14 /* GradientBackground.swift */; };
		30CCC409300419BD00035C14 /* JournalFeedbackSheet.swift in Sources */ = {isa = PBXBuildFile; fileRef = 30CCC39C300419BD00035C14 /* JournalFeedbackSheet.swift */; };
		30CCC40A300419BD00035C14 /* ModeSelectorView.swift in Sources */ = {isa = PBXBuildFile; fileRef = 30CCC39D300419BD00035C14 /* ModeSelectorView.swift */; };
		30CCC40B300419BD00035C14 /* ShareSheet.swift in Sources */ = {isa = PBXBuildFile; fileRef = 30CCC39E300419BD00035C14 /* ShareSheet.swift */; };
		30CCC40C300419BD00035C14 /* Color+Hex.swift in Sources */ = {isa = PBXBuildFile; fileRef = 30CCC3A0300419BD00035C14 /* Color+Hex.swift */; };
		30CCC40D300419BD00035C14 /* View+Screen.swift in Sources */ = {isa = PBXBuildFile; fileRef = 30CCC3A1300419BD00035C14 /* View+Screen.swift */; };
		30CCC40E300419BD00035C14 /* AppLinks.swift in Sources */ = {isa = PBXBuildFile; fileRef = 30CCC3A3300419BD00035C14 /* AppLinks.swift */; };
		30CCC40F300419BD00035C14 /* DateFormatter+App.swift in Sources */ = {isa = PBXBuildFile; fileRef = 30CCC3A4300419BD00035C14 /* DateFormatter+App.swift */; };
		30CCC410300419BD00035C14 /* DecisionRecorder.swift in Sources */ = {isa = PBXBuildFile; fileRef = 30CCC3A5300419BD00035C14 /* DecisionRecorder.swift */; };
		30CCC411300419BD00035C14 /* StorageKeys.swift in Sources */ = {isa = PBXBuildFile; fileRef = 30CCC3A6300419BD00035C14 /* StorageKeys.swift */; };
		30CCC412300419BD00035C14 /* AppCoordinator.swift in Sources */ = {isa = PBXBuildFile; fileRef = 30CCC3A9300419BD00035C14 /* AppCoordinator.swift */; };
		30CCC413300419BD00035C14 /* DecisionHistory.swift in Sources */ = {isa = PBXBuildFile; fileRef = 30CCC3AB300419BD00035C14 /* DecisionHistory.swift */; };
		30CCC414300419BD00035C14 /* DecisionMode.swift in Sources */ = {isa = PBXBuildFile; fileRef = 30CCC3AC300419BD00035C14 /* DecisionMode.swift */; };
		30CCC415300419BD00035C14 /* DecisionTemplate.swift in Sources */ = {isa = PBXBuildFile; fileRef = 30CCC3AD300419BD00035C14 /* DecisionTemplate.swift */; };
		30CCC416300419BD00035C14 /* ExportPackage.swift in Sources */ = {isa = PBXBuildFile; fileRef = 30CCC3AE300419BD00035C14 /* ExportPackage.swift */; };
		30CCC417300419BD00035C14 /* OnboardingPage.swift in Sources */ = {isa = PBXBuildFile; fileRef = 30CCC3AF300419BD00035C14 /* OnboardingPage.swift */; };
		30CCC418300419BD00035C14 /* Option.swift in Sources */ = {isa = PBXBuildFile; fileRef = 30CCC3B0300419BD00035C14 /* Option.swift */; };
		30CCC419300419BD00035C14 /* OptionCollection.swift in Sources */ = {isa = PBXBuildFile; fileRef = 30CCC3B1300419BD00035C14 /* OptionCollection.swift */; };
		30CCC41A300419BD00035C14 /* SatisfactionRating.swift in Sources */ = {isa = PBXBuildFile; fileRef = 30CCC3B2300419BD00035C14 /* SatisfactionRating.swift */; };
		30CCC41B300419BD00035C14 /* SmartRules.swift in Sources */ = {isa = PBXBuildFile; fileRef = 30CCC3B3300419BD00035C14 /* SmartRules.swift */; };
		30CCC41C300419BD00035C14 /* Statistics.swift in Sources */ = {isa = PBXBuildFile; fileRef = 30CCC3B4300419BD00035C14 /* Statistics.swift */; };
		30CCC41D300419BD00035C14 /* BracketEngine.swift in Sources */ = {isa = PBXBuildFile; fileRef = 30CCC3B6300419BD00035C14 /* BracketEngine.swift */; };
		30CCC41E300419BD00035C14 /* CoinEngine.swift in Sources */ = {isa = PBXBuildFile; fileRef = 30CCC3B7300419BD00035C14 /* CoinEngine.swift */; };
		30CCC41F300419BD00035C14 /* DiceEngine.swift in Sources */ = {isa = PBXBuildFile; fileRef = 30CCC3B8300419BD00035C14 /* DiceEngine.swift */; };
		30CCC420300419BD00035C14 /* ImportExportService.swift in Sources */ = {isa = PBXBuildFile; fileRef = 30CCC3B9300419BD00035C14 /* ImportExportService.swift */; };
		30CCC421300419BD00035C14 /* OptionFilterService.swift in Sources */ = {isa = PBXBuildFile; fileRef = 30CCC3BA300419BD00035C14 /* OptionFilterService.swift */; };
		30CCC422300419BD00035C14 /* StorageService.swift in Sources */ = {isa = PBXBuildFile; fileRef = 30CCC3BB300419BD00035C14 /* StorageService.swift */; };
		30CCC423300419BD00035C14 /* TemplateService.swift in Sources */ = {isa = PBXBuildFile; fileRef = 30CCC3BC300419BD00035C14 /* TemplateService.swift */; };
		30CCC424300419BD00035C14 /* WheelEngine.swift in Sources */ = {isa = PBXBuildFile; fileRef = 30CCC3BD300419BD00035C14 /* WheelEngine.swift */; };
		30CCC425300419BD00035C14 /* BracketViewModel.swift in Sources */ = {isa = PBXBuildFile; fileRef = 30CCC3BF300419BD00035C14 /* BracketViewModel.swift */; };
		30CCC426300419BD00035C14 /* CoinViewModel.swift in Sources */ = {isa = PBXBuildFile; fileRef = 30CCC3C0300419BD00035C14 /* CoinViewModel.swift */; };
		30CCC427300419BD00035C14 /* CollectionsViewModel.swift in Sources */ = {isa = PBXBuildFile; fileRef = 30CCC3C1300419BD00035C14 /* CollectionsViewModel.swift */; };
		30CCC428300419BD00035C14 /* DiceViewModel.swift in Sources */ = {isa = PBXBuildFile; fileRef = 30CCC3C2300419BD00035C14 /* DiceViewModel.swift */; };
		30CCC429300419BD00035C14 /* EliminationViewModel.swift in Sources */ = {isa = PBXBuildFile; fileRef = 30CCC3C3300419BD00035C14 /* EliminationViewModel.swift */; };
		30CCC42A300419BD00035C14 /* GuidedFlowViewModel.swift in Sources */ = {isa = PBXBuildFile; fileRef = 30CCC3C4300419BD00035C14 /* GuidedFlowViewModel.swift */; };
		30CCC42B300419BD00035C14 /* HistoryViewModel.swift in Sources */ = {isa = PBXBuildFile; fileRef = 30CCC3C5300419BD00035C14 /* HistoryViewModel.swift */; };
		30CCC42C300419BD00035C14 /* HomeViewModel.swift in Sources */ = {isa = PBXBuildFile; fileRef = 30CCC3C6300419BD00035C14 /* HomeViewModel.swift */; };
		30CCC42D300419BD00035C14 /* HomeViewModel+Widgets.swift in Sources */ = {isa = PBXBuildFile; fileRef = 30CCC3C7300419BD00035C14 /* HomeViewModel+Widgets.swift */; };
		30CCC42E300419BD00035C14 /* ImportExportViewModel.swift in Sources */ = {isa = PBXBuildFile; fileRef = 30CCC3C8300419BD00035C14 /* ImportExportViewModel.swift */; };
		30CCC42F300419BD00035C14 /* OnboardingViewModel.swift in Sources */ = {isa = PBXBuildFile; fileRef = 30CCC3C9300419BD00035C14 /* OnboardingViewModel.swift */; };
		30CCC430300419BD00035C14 /* OptionFormViewModel.swift in Sources */ = {isa = PBXBuildFile; fileRef = 30CCC3CA300419BD00035C14 /* OptionFormViewModel.swift */; };
		30CCC431300419BD00035C14 /* OptionListViewModel.swift in Sources */ = {isa = PBXBuildFile; fileRef = 30CCC3CB300419BD00035C14 /* OptionListViewModel.swift */; };
		30CCC432300419BD00035C14 /* SettingsViewModel.swift in Sources */ = {isa = PBXBuildFile; fileRef = 30CCC3CC300419BD00035C14 /* SettingsViewModel.swift */; };
		30CCC433300419BD00035C14 /* StatisticsViewModel.swift in Sources */ = {isa = PBXBuildFile; fileRef = 30CCC3CD300419BD00035C14 /* StatisticsViewModel.swift */; };
		30CCC434300419BD00035C14 /* TemplatesViewModel.swift in Sources */ = {isa = PBXBuildFile; fileRef = 30CCC3CE300419BD00035C14 /* TemplatesViewModel.swift */; };
		30CCC435300419BD00035C14 /* WheelViewModel.swift in Sources */ = {isa = PBXBuildFile; fileRef = 30CCC3CF300419BD00035C14 /* WheelViewModel.swift */; };
		30CCC436300419BD00035C14 /* BracketView.swift in Sources */ = {isa = PBXBuildFile; fileRef = 30CCC3D1300419BD00035C14 /* BracketView.swift */; };
		30CCC437300419BD00035C14 /* CoinView.swift in Sources */ = {isa = PBXBuildFile; fileRef = 30CCC3D3300419BD00035C14 /* CoinView.swift */; };
		30CCC438300419BD00035C14 /* CollectionsView.swift in Sources */ = {isa = PBXBuildFile; fileRef = 30CCC3D5300419BD00035C14 /* CollectionsView.swift */; };
		30CCC439300419BD00035C14 /* DiceView.swift in Sources */ = {isa = PBXBuildFile; fileRef = 30CCC3D7300419BD00035C14 /* DiceView.swift */; };
		30CCC43A300419BD00035C14 /* EliminationView.swift in Sources */ = {isa = PBXBuildFile; fileRef = 30CCC3D9300419BD00035C14 /* EliminationView.swift */; };
		30CCC43B300419BD00035C14 /* GuidedFlowView.swift in Sources */ = {isa = PBXBuildFile; fileRef = 30CCC3DB300419BD00035C14 /* GuidedFlowView.swift */; };
		30CCC43C300419BD00035C14 /* HistoryView.swift in Sources */ = {isa = PBXBuildFile; fileRef = 30CCC3DD300419BD00035C14 /* HistoryView.swift */; };
		30CCC43D300419BD00035C14 /* HomeComponents.swift in Sources */ = {isa = PBXBuildFile; fileRef = 30CCC3DF300419BD00035C14 /* HomeComponents.swift */; };
		30CCC43E300419BD00035C14 /* HomeWidgets.swift in Sources */ = {isa = PBXBuildFile; fileRef = 30CCC3E0300419BD00035C14 /* HomeWidgets.swift */; };
		30CCC43F300419BD00035C14 /* HomeView.swift in Sources */ = {isa = PBXBuildFile; fileRef = 30CCC3E2300419BD00035C14 /* HomeView.swift */; };
		30CCC440300419BD00035C14 /* ImportExportView.swift in Sources */ = {isa = PBXBuildFile; fileRef = 30CCC3E4300419BD00035C14 /* ImportExportView.swift */; };
		30CCC441300419BD00035C14 /* OnboardingView.swift in Sources */ = {isa = PBXBuildFile; fileRef = 30CCC3E6300419BD00035C14 /* OnboardingView.swift */; };
		30CCC442300419BD00035C14 /* OptionFormView.swift in Sources */ = {isa = PBXBuildFile; fileRef = 30CCC3E8300419BD00035C14 /* OptionFormView.swift */; };
		30CCC443300419BD00035C14 /* OptionCardView.swift in Sources */ = {isa = PBXBuildFile; fileRef = 30CCC3EA300419BD00035C14 /* OptionCardView.swift */; };
		30CCC444300419BD00035C14 /* OptionListView.swift in Sources */ = {isa = PBXBuildFile; fileRef = 30CCC3EB300419BD00035C14 /* OptionListView.swift */; };
		30CCC445300419BD00035C14 /* SettingsView.swift in Sources */ = {isa = PBXBuildFile; fileRef = 30CCC3ED300419BD00035C14 /* SettingsView.swift */; };
		30CCC446300419BD00035C14 /* StatisticsView.swift in Sources */ = {isa = PBXBuildFile; fileRef = 30CCC3EF300419BD00035C14 /* StatisticsView.swift */; };
		30CCC447300419BD00035C14 /* TemplatesView.swift in Sources */ = {isa = PBXBuildFile; fileRef = 30CCC3F1300419BD00035C14 /* TemplatesView.swift */; };
		30CCC448300419BD00035C14 /* WheelOfFortuneView.swift in Sources */ = {isa = PBXBuildFile; fileRef = 30CCC3F3300419BD00035C14 /* WheelOfFortuneView.swift */; };
		30CCC449300419BD00035C14 /* WheelView.swift in Sources */ = {isa = PBXBuildFile; fileRef = 30CCC3F4300419BD00035C14 /* WheelView.swift */; };
		30CCC44A300419BD00035C14 /* AppDelegate.swift in Sources */ = {isa = PBXBuildFile; fileRef = 30CCC3F7300419BD00035C14 /* AppDelegate.swift */; };
		30CCC44B300419BD00035C14 /* ContentView.swift in Sources */ = {isa = PBXBuildFile; fileRef = 30CCC3F9300419BD00035C14 /* ContentView.swift */; };
		30CCC44C300419BD00035C14 /* SceneDelegate.swift in Sources */ = {isa = PBXBuildFile; fileRef = 30CCC3FF300419BD00035C14 /* SceneDelegate.swift */; };
		30CCC44D300419BD00035C14 /* ViewController.swift in Sources */ = {isa = PBXBuildFile; fileRef = 30CCC400300419BD00035C14 /* ViewController.swift */; };
		30CCC44E300419BD00035C14 /* Assets.xcassets in Resources */ = {isa = PBXBuildFile; fileRef = 30CCC3F8300419BD00035C14 /* Assets.xcassets */; };
		30CCC450300419BD00035C14 /* LaunchScreen.storyboard in Resources */ = {isa = PBXBuildFile; fileRef = 30CCC3FC300419BD00035C14 /* LaunchScreen.storyboard */; };
		30CCC451300419BD00035C14 /* Main.storyboard in Resources */ = {isa = PBXBuildFile; fileRef = 30CCC3FE300419BD00035C14 /* Main.storyboard */; };
/* End PBXBuildFile section */

/* Begin PBXFileReference section */
		30CCB6C32FFE5CBE00035C14 /* 194DecisionMaker.app */ = {isa = PBXFileReference; explicitFileType = wrapper.application; includeInIndex = 0; path = 194DecisionMaker.app; sourceTree = BUILT_PRODUCTS_DIR; };
		30CCC394300419BD00035C14 /* AppButtons.swift */ = {isa = PBXFileReference; lastKnownFileType = sourcecode.swift; path = AppButtons.swift; sourceTree = "<group>"; };
		30CCC395300419BD00035C14 /* AppCells.swift */ = {isa = PBXFileReference; lastKnownFileType = sourcecode.swift; path = AppCells.swift; sourceTree = "<group>"; };
		30CCC396300419BD00035C14 /* AppDesignTokens.swift */ = {isa = PBXFileReference; lastKnownFileType = sourcecode.swift; path = AppDesignTokens.swift; sourceTree = "<group>"; };
		30CCC397300419BD00035C14 /* AppScreenShell.swift */ = {isa = PBXFileReference; lastKnownFileType = sourcecode.swift; path = AppScreenShell.swift; sourceTree = "<group>"; };
		30CCC398300419BD00035C14 /* FormComponents.swift */ = {isa = PBXFileReference; lastKnownFileType = sourcecode.swift; path = FormComponents.swift; sourceTree = "<group>"; };
		30CCC39A300419BD00035C14 /* EmptyStateView.swift */ = {isa = PBXFileReference; lastKnownFileType = sourcecode.swift; path = EmptyStateView.swift; sourceTree = "<group>"; };
		30CCC39B300419BD00035C14 /* GradientBackground.swift */ = {isa = PBXFileReference; lastKnownFileType = sourcecode.swift; path = GradientBackground.swift; sourceTree = "<group>"; };
		30CCC39C300419BD00035C14 /* JournalFeedbackSheet.swift */ = {isa = PBXFileReference; lastKnownFileType = sourcecode.swift; path = JournalFeedbackSheet.swift; sourceTree = "<group>"; };
		30CCC39D300419BD00035C14 /* ModeSelectorView.swift */ = {isa = PBXFileReference; lastKnownFileType = sourcecode.swift; path = ModeSelectorView.swift; sourceTree = "<group>"; };
		30CCC39E300419BD00035C14 /* ShareSheet.swift */ = {isa = PBXFileReference; lastKnownFileType = sourcecode.swift; path = ShareSheet.swift; sourceTree = "<group>"; };
		30CCC3A0300419BD00035C14 /* Color+Hex.swift */ = {isa = PBXFileReference; lastKnownFileType = sourcecode.swift; path = "Color+Hex.swift"; sourceTree = "<group>"; };
		30CCC3A1300419BD00035C14 /* View+Screen.swift */ = {isa = PBXFileReference; lastKnownFileType = sourcecode.swift; path = "View+Screen.swift"; sourceTree = "<group>"; };
		30CCC3A3300419BD00035C14 /* AppLinks.swift */ = {isa = PBXFileReference; lastKnownFileType = sourcecode.swift; path = AppLinks.swift; sourceTree = "<group>"; };
		30CCC3A4300419BD00035C14 /* DateFormatter+App.swift */ = {isa = PBXFileReference; lastKnownFileType = sourcecode.swift; path = "DateFormatter+App.swift"; sourceTree = "<group>"; };
		30CCC3A5300419BD00035C14 /* DecisionRecorder.swift */ = {isa = PBXFileReference; lastKnownFileType = sourcecode.swift; path = DecisionRecorder.swift; sourceTree = "<group>"; };
		30CCC3A6300419BD00035C14 /* StorageKeys.swift */ = {isa = PBXFileReference; lastKnownFileType = sourcecode.swift; path = StorageKeys.swift; sourceTree = "<group>"; };
		30CCC3A9300419BD00035C14 /* AppCoordinator.swift */ = {isa = PBXFileReference; lastKnownFileType = sourcecode.swift; path = AppCoordinator.swift; sourceTree = "<group>"; };
		30CCC3AB300419BD00035C14 /* DecisionHistory.swift */ = {isa = PBXFileReference; lastKnownFileType = sourcecode.swift; path = DecisionHistory.swift; sourceTree = "<group>"; };
		30CCC3AC300419BD00035C14 /* DecisionMode.swift */ = {isa = PBXFileReference; lastKnownFileType = sourcecode.swift; path = DecisionMode.swift; sourceTree = "<group>"; };
		30CCC3AD300419BD00035C14 /* DecisionTemplate.swift */ = {isa = PBXFileReference; lastKnownFileType = sourcecode.swift; path = DecisionTemplate.swift; sourceTree = "<group>"; };
		30CCC3AE300419BD00035C14 /* ExportPackage.swift */ = {isa = PBXFileReference; lastKnownFileType = sourcecode.swift; path = ExportPackage.swift; sourceTree = "<group>"; };
		30CCC3AF300419BD00035C14 /* OnboardingPage.swift */ = {isa = PBXFileReference; lastKnownFileType = sourcecode.swift; path = OnboardingPage.swift; sourceTree = "<group>"; };
		30CCC3B0300419BD00035C14 /* Option.swift */ = {isa = PBXFileReference; lastKnownFileType = sourcecode.swift; path = Option.swift; sourceTree = "<group>"; };
		30CCC3B1300419BD00035C14 /* OptionCollection.swift */ = {isa = PBXFileReference; lastKnownFileType = sourcecode.swift; path = OptionCollection.swift; sourceTree = "<group>"; };
		30CCC3B2300419BD00035C14 /* SatisfactionRating.swift */ = {isa = PBXFileReference; lastKnownFileType = sourcecode.swift; path = SatisfactionRating.swift; sourceTree = "<group>"; };
		30CCC3B3300419BD00035C14 /* SmartRules.swift */ = {isa = PBXFileReference; lastKnownFileType = sourcecode.swift; path = SmartRules.swift; sourceTree = "<group>"; };
		30CCC3B4300419BD00035C14 /* Statistics.swift */ = {isa = PBXFileReference; lastKnownFileType = sourcecode.swift; path = Statistics.swift; sourceTree = "<group>"; };
		30CCC3B6300419BD00035C14 /* BracketEngine.swift */ = {isa = PBXFileReference; lastKnownFileType = sourcecode.swift; path = BracketEngine.swift; sourceTree = "<group>"; };
		30CCC3B7300419BD00035C14 /* CoinEngine.swift */ = {isa = PBXFileReference; lastKnownFileType = sourcecode.swift; path = CoinEngine.swift; sourceTree = "<group>"; };
		30CCC3B8300419BD00035C14 /* DiceEngine.swift */ = {isa = PBXFileReference; lastKnownFileType = sourcecode.swift; path = DiceEngine.swift; sourceTree = "<group>"; };
		30CCC3B9300419BD00035C14 /* ImportExportService.swift */ = {isa = PBXFileReference; lastKnownFileType = sourcecode.swift; path = ImportExportService.swift; sourceTree = "<group>"; };
		30CCC3BA300419BD00035C14 /* OptionFilterService.swift */ = {isa = PBXFileReference; lastKnownFileType = sourcecode.swift; path = OptionFilterService.swift; sourceTree = "<group>"; };
		30CCC3BB300419BD00035C14 /* StorageService.swift */ = {isa = PBXFileReference; lastKnownFileType = sourcecode.swift; path = StorageService.swift; sourceTree = "<group>"; };
		30CCC3BC300419BD00035C14 /* TemplateService.swift */ = {isa = PBXFileReference; lastKnownFileType = sourcecode.swift; path = TemplateService.swift; sourceTree = "<group>"; };
		30CCC3BD300419BD00035C14 /* WheelEngine.swift */ = {isa = PBXFileReference; lastKnownFileType = sourcecode.swift; path = WheelEngine.swift; sourceTree = "<group>"; };
		30CCC3BF300419BD00035C14 /* BracketViewModel.swift */ = {isa = PBXFileReference; lastKnownFileType = sourcecode.swift; path = BracketViewModel.swift; sourceTree = "<group>"; };
		30CCC3C0300419BD00035C14 /* CoinViewModel.swift */ = {isa = PBXFileReference; lastKnownFileType = sourcecode.swift; path = CoinViewModel.swift; sourceTree = "<group>"; };
		30CCC3C1300419BD00035C14 /* CollectionsViewModel.swift */ = {isa = PBXFileReference; lastKnownFileType = sourcecode.swift; path = CollectionsViewModel.swift; sourceTree = "<group>"; };
		30CCC3C2300419BD00035C14 /* DiceViewModel.swift */ = {isa = PBXFileReference; lastKnownFileType = sourcecode.swift; path = DiceViewModel.swift; sourceTree = "<group>"; };
		30CCC3C3300419BD00035C14 /* EliminationViewModel.swift */ = {isa = PBXFileReference; lastKnownFileType = sourcecode.swift; path = EliminationViewModel.swift; sourceTree = "<group>"; };
		30CCC3C4300419BD00035C14 /* GuidedFlowViewModel.swift */ = {isa = PBXFileReference; lastKnownFileType = sourcecode.swift; path = GuidedFlowViewModel.swift; sourceTree = "<group>"; };
		30CCC3C5300419BD00035C14 /* HistoryViewModel.swift */ = {isa = PBXFileReference; lastKnownFileType = sourcecode.swift; path = HistoryViewModel.swift; sourceTree = "<group>"; };
		30CCC3C6300419BD00035C14 /* HomeViewModel.swift */ = {isa = PBXFileReference; lastKnownFileType = sourcecode.swift; path = HomeViewModel.swift; sourceTree = "<group>"; };
		30CCC3C7300419BD00035C14 /* HomeViewModel+Widgets.swift */ = {isa = PBXFileReference; lastKnownFileType = sourcecode.swift; path = "HomeViewModel+Widgets.swift"; sourceTree = "<group>"; };
		30CCC3C8300419BD00035C14 /* ImportExportViewModel.swift */ = {isa = PBXFileReference; lastKnownFileType = sourcecode.swift; path = ImportExportViewModel.swift; sourceTree = "<group>"; };
		30CCC3C9300419BD00035C14 /* OnboardingViewModel.swift */ = {isa = PBXFileReference; lastKnownFileType = sourcecode.swift; path = OnboardingViewModel.swift; sourceTree = "<group>"; };
		30CCC3CA300419BD00035C14 /* OptionFormViewModel.swift */ = {isa = PBXFileReference; lastKnownFileType = sourcecode.swift; path = OptionFormViewModel.swift; sourceTree = "<group>"; };
		30CCC3CB300419BD00035C14 /* OptionListViewModel.swift */ = {isa = PBXFileReference; lastKnownFileType = sourcecode.swift; path = OptionListViewModel.swift; sourceTree = "<group>"; };
		30CCC3CC300419BD00035C14 /* SettingsViewModel.swift */ = {isa = PBXFileReference; lastKnownFileType = sourcecode.swift; path = SettingsViewModel.swift; sourceTree = "<group>"; };
		30CCC3CD300419BD00035C14 /* StatisticsViewModel.swift */ = {isa = PBXFileReference; lastKnownFileType = sourcecode.swift; path = StatisticsViewModel.swift; sourceTree = "<group>"; };
		30CCC3CE300419BD00035C14 /* TemplatesViewModel.swift */ = {isa = PBXFileReference; lastKnownFileType = sourcecode.swift; path = TemplatesViewModel.swift; sourceTree = "<group>"; };
		30CCC3CF300419BD00035C14 /* WheelViewModel.swift */ = {isa = PBXFileReference; lastKnownFileType = sourcecode.swift; path = WheelViewModel.swift; sourceTree = "<group>"; };
		30CCC3D1300419BD00035C14 /* BracketView.swift */ = {isa = PBXFileReference; lastKnownFileType = sourcecode.swift; path = BracketView.swift; sourceTree = "<group>"; };
		30CCC3D3300419BD00035C14 /* CoinView.swift */ = {isa = PBXFileReference; lastKnownFileType = sourcecode.swift; path = CoinView.swift; sourceTree = "<group>"; };
		30CCC3D5300419BD00035C14 /* CollectionsView.swift */ = {isa = PBXFileReference; lastKnownFileType = sourcecode.swift; path = CollectionsView.swift; sourceTree = "<group>"; };
		30CCC3D7300419BD00035C14 /* DiceView.swift */ = {isa = PBXFileReference; lastKnownFileType = sourcecode.swift; path = DiceView.swift; sourceTree = "<group>"; };
		30CCC3D9300419BD00035C14 /* EliminationView.swift */ = {isa = PBXFileReference; lastKnownFileType = sourcecode.swift; path = EliminationView.swift; sourceTree = "<group>"; };
		30CCC3DB300419BD00035C14 /* GuidedFlowView.swift */ = {isa = PBXFileReference; lastKnownFileType = sourcecode.swift; path = GuidedFlowView.swift; sourceTree = "<group>"; };
		30CCC3DD300419BD00035C14 /* HistoryView.swift */ = {isa = PBXFileReference; lastKnownFileType = sourcecode.swift; path = HistoryView.swift; sourceTree = "<group>"; };
		30CCC3DF300419BD00035C14 /* HomeComponents.swift */ = {isa = PBXFileReference; lastKnownFileType = sourcecode.swift; path = HomeComponents.swift; sourceTree = "<group>"; };
		30CCC3E0300419BD00035C14 /* HomeWidgets.swift */ = {isa = PBXFileReference; lastKnownFileType = sourcecode.swift; path = HomeWidgets.swift; sourceTree = "<group>"; };
		30CCC3E2300419BD00035C14 /* HomeView.swift */ = {isa = PBXFileReference; lastKnownFileType = sourcecode.swift; path = HomeView.swift; sourceTree = "<group>"; };
		30CCC3E4300419BD00035C14 /* ImportExportView.swift */ = {isa = PBXFileReference; lastKnownFileType = sourcecode.swift; path = ImportExportView.swift; sourceTree = "<group>"; };
		30CCC3E6300419BD00035C14 /* OnboardingView.swift */ = {isa = PBXFileReference; lastKnownFileType = sourcecode.swift; path = OnboardingView.swift; sourceTree = "<group>"; };
		30CCC3E8300419BD00035C14 /* OptionFormView.swift */ = {isa = PBXFileReference; lastKnownFileType = sourcecode.swift; path = OptionFormView.swift; sourceTree = "<group>"; };
		30CCC3EA300419BD00035C14 /* OptionCardView.swift */ = {isa = PBXFileReference; lastKnownFileType = sourcecode.swift; path = OptionCardView.swift; sourceTree = "<group>"; };
		30CCC3EB300419BD00035C14 /* OptionListView.swift */ = {isa = PBXFileReference; lastKnownFileType = sourcecode.swift; path = OptionListView.swift; sourceTree = "<group>"; };
		30CCC3ED300419BD00035C14 /* SettingsView.swift */ = {isa = PBXFileReference; lastKnownFileType = sourcecode.swift; path = SettingsView.swift; sourceTree = "<group>"; };
		30CCC3EF300419BD00035C14 /* StatisticsView.swift */ = {isa = PBXFileReference; lastKnownFileType = sourcecode.swift; path = StatisticsView.swift; sourceTree = "<group>"; };
		30CCC3F1300419BD00035C14 /* TemplatesView.swift */ = {isa = PBXFileReference; lastKnownFileType = sourcecode.swift; path = TemplatesView.swift; sourceTree = "<group>"; };
		30CCC3F3300419BD00035C14 /* WheelOfFortuneView.swift */ = {isa = PBXFileReference; lastKnownFileType = sourcecode.swift; path = WheelOfFortuneView.swift; sourceTree = "<group>"; };
		30CCC3F4300419BD00035C14 /* WheelView.swift */ = {isa = PBXFileReference; lastKnownFileType = sourcecode.swift; path = WheelView.swift; sourceTree = "<group>"; };
		30CCC3F7300419BD00035C14 /* AppDelegate.swift */ = {isa = PBXFileReference; lastKnownFileType = sourcecode.swift; path = AppDelegate.swift; sourceTree = "<group>"; };
		30CCC3F8300419BD00035C14 /* Assets.xcassets */ = {isa = PBXFileReference; lastKnownFileType = folder.assetcatalog; path = Assets.xcassets; sourceTree = "<group>"; };
		30CCC3F9300419BD00035C14 /* ContentView.swift */ = {isa = PBXFileReference; lastKnownFileType = sourcecode.swift; path = ContentView.swift; sourceTree = "<group>"; };
		30CCC3FA300419BD00035C14 /* Info.plist */ = {isa = PBXFileReference; lastKnownFileType = text.plist.xml; path = Info.plist; sourceTree = "<group>"; };
		30CCC3FB300419BD00035C14 /* Base */ = {isa = PBXFileReference; lastKnownFileType = file.storyboard; name = Base; path = Base.lproj/LaunchScreen.storyboard; sourceTree = "<group>"; };
		30CCC3FD300419BD00035C14 /* Base */ = {isa = PBXFileReference; lastKnownFileType = file.storyboard; name = Base; path = Base.lproj/Main.storyboard; sourceTree = "<group>"; };
		30CCC3FF300419BD00035C14 /* SceneDelegate.swift */ = {isa = PBXFileReference; lastKnownFileType = sourcecode.swift; path = SceneDelegate.swift; sourceTree = "<group>"; };
		30CCC400300419BD00035C14 /* ViewController.swift */ = {isa = PBXFileReference; lastKnownFileType = sourcecode.swift; path = ViewController.swift; sourceTree = "<group>"; };
		64D3536941305FC6E07C67DA /* Pods-194DecisionMaker.release.xcconfig */ = {isa = PBXFileReference; includeInIndex = 1; lastKnownFileType = text.xcconfig; name = "Pods-194DecisionMaker.release.xcconfig"; path = "Target Support Files/Pods-194DecisionMaker/Pods-194DecisionMaker.release.xcconfig"; sourceTree = "<group>"; };
		ADE74EC0CE426008F5A168F9 /* Pods-194DecisionMaker.debug.xcconfig */ = {isa = PBXFileReference; includeInIndex = 1; lastKnownFileType = text.xcconfig; name = "Pods-194DecisionMaker.debug.xcconfig"; path = "Target Support Files/Pods-194DecisionMaker/Pods-194DecisionMaker.debug.xcconfig"; sourceTree = "<group>"; };
		E8A776B8AD2922C51873487C /* Pods_194DecisionMaker.framework */ = {isa = PBXFileReference; explicitFileType = wrapper.framework; includeInIndex = 0; path = Pods_194DecisionMaker.framework; sourceTree = BUILT_PRODUCTS_DIR; };
/* End PBXFileReference section */

/* Begin PBXFrameworksBuildPhase section */
		30CCB6C02FFE5CBE00035C14 /* Frameworks */ = {
			isa = PBXFrameworksBuildPhase;
			buildActionMask = 2147483647;
			files = (
			);
			runOnlyForDeploymentPostprocessing = 0;
		};
/* End PBXFrameworksBuildPhase section */

/* Begin PBXGroup section */
		30CCB6BA2FFE5CBE00035C14 = {
			isa = PBXGroup;
			children = (
				30CCC401300419BD00035C14 /* 194DecisionMaker */,
				30CCB6C42FFE5CBE00035C14 /* Products */,
				78C740E3870B8B4B0F20C710 /* Pods */,
				942851D5201C16BE97E7EA18 /* Frameworks */,
			);
			sourceTree = "<group>";
		};
		30CCB6C42FFE5CBE00035C14 /* Products */ = {
			isa = PBXGroup;
			children = (
				30CCB6C32FFE5CBE00035C14 /* 194DecisionMaker.app */,
			);
			name = Products;
			sourceTree = "<group>";
		};
		30CCC399300419BD00035C14 /* Design */ = {
			isa = PBXGroup;
			children = (
				30CCC394300419BD00035C14 /* AppButtons.swift */,
				30CCC395300419BD00035C14 /* AppCells.swift */,
				30CCC396300419BD00035C14 /* AppDesignTokens.swift */,
				30CCC397300419BD00035C14 /* AppScreenShell.swift */,
				30CCC398300419BD00035C14 /* FormComponents.swift */,
			);
			path = Design;
			sourceTree = "<group>";
		};
		30CCC39F300419BD00035C14 /* Components */ = {
			isa = PBXGroup;
			children = (
				30CCC399300419BD00035C14 /* Design */,
				30CCC39A300419BD00035C14 /* EmptyStateView.swift */,
				30CCC39B300419BD00035C14 /* GradientBackground.swift */,
				30CCC39C300419BD00035C14 /* JournalFeedbackSheet.swift */,
				30CCC39D300419BD00035C14 /* ModeSelectorView.swift */,
				30CCC39E300419BD00035C14 /* ShareSheet.swift */,
			);
			path = Components;
			sourceTree = "<group>";
		};
		30CCC3A2300419BD00035C14 /* Extensions */ = {
			isa = PBXGroup;
			children = (
				30CCC3A0300419BD00035C14 /* Color+Hex.swift */,
				30CCC3A1300419BD00035C14 /* View+Screen.swift */,
			);
			path = Extensions;
			sourceTree = "<group>";
		};
		30CCC3A7300419BD00035C14 /* Utilities */ = {
			isa = PBXGroup;
			children = (
				30CCC3A3300419BD00035C14 /* AppLinks.swift */,
				30CCC3A4300419BD00035C14 /* DateFormatter+App.swift */,
				30CCC3A5300419BD00035C14 /* DecisionRecorder.swift */,
				30CCC3A6300419BD00035C14 /* StorageKeys.swift */,
			);
			path = Utilities;
			sourceTree = "<group>";
		};
		30CCC3A8300419BD00035C14 /* Common */ = {
			isa = PBXGroup;
			children = (
				30CCC39F300419BD00035C14 /* Components */,
				30CCC3A2300419BD00035C14 /* Extensions */,
				30CCC3A7300419BD00035C14 /* Utilities */,
			);
			path = Common;
			sourceTree = "<group>";
		};
		30CCC3AA300419BD00035C14 /* Coordinators */ = {
			isa = PBXGroup;
			children = (
				30CCC3A9300419BD00035C14 /* AppCoordinator.swift */,
			);
			path = Coordinators;
			sourceTree = "<group>";
		};
		30CCC3B5300419BD00035C14 /* Models */ = {
			isa = PBXGroup;
			children = (
				30CCC3AB300419BD00035C14 /* DecisionHistory.swift */,
				30CCC3AC300419BD00035C14 /* DecisionMode.swift */,
				30CCC3AD300419BD00035C14 /* DecisionTemplate.swift */,
				30CCC3AE300419BD00035C14 /* ExportPackage.swift */,
				30CCC3AF300419BD00035C14 /* OnboardingPage.swift */,
				30CCC3B0300419BD00035C14 /* Option.swift */,
				30CCC3B1300419BD00035C14 /* OptionCollection.swift */,
				30CCC3B2300419BD00035C14 /* SatisfactionRating.swift */,
				30CCC3B3300419BD00035C14 /* SmartRules.swift */,
				30CCC3B4300419BD00035C14 /* Statistics.swift */,
			);
			path = Models;
			sourceTree = "<group>";
		};
		30CCC3BE300419BD00035C14 /* Services */ = {
			isa = PBXGroup;
			children = (
				30CCC3B6300419BD00035C14 /* BracketEngine.swift */,
				30CCC3B7300419BD00035C14 /* CoinEngine.swift */,
				30CCC3B8300419BD00035C14 /* DiceEngine.swift */,
				30CCC3B9300419BD00035C14 /* ImportExportService.swift */,
				30CCC3BA300419BD00035C14 /* OptionFilterService.swift */,
				30CCC3BB300419BD00035C14 /* StorageService.swift */,
				30CCC3BC300419BD00035C14 /* TemplateService.swift */,
				30CCC3BD300419BD00035C14 /* WheelEngine.swift */,
			);
			path = Services;
			sourceTree = "<group>";
		};
		30CCC3D0300419BD00035C14 /* ViewModels */ = {
			isa = PBXGroup;
			children = (
				30CCC3BF300419BD00035C14 /* BracketViewModel.swift */,
				30CCC3C0300419BD00035C14 /* CoinViewModel.swift */,
				30CCC3C1300419BD00035C14 /* CollectionsViewModel.swift */,
				30CCC3C2300419BD00035C14 /* DiceViewModel.swift */,
				30CCC3C3300419BD00035C14 /* EliminationViewModel.swift */,
				30CCC3C4300419BD00035C14 /* GuidedFlowViewModel.swift */,
				30CCC3C5300419BD00035C14 /* HistoryViewModel.swift */,
				30CCC3C6300419BD00035C14 /* HomeViewModel.swift */,
				30CCC3C7300419BD00035C14 /* HomeViewModel+Widgets.swift */,
				30CCC3C8300419BD00035C14 /* ImportExportViewModel.swift */,
				30CCC3C9300419BD00035C14 /* OnboardingViewModel.swift */,
				30CCC3CA300419BD00035C14 /* OptionFormViewModel.swift */,
				30CCC3CB300419BD00035C14 /* OptionListViewModel.swift */,
				30CCC3CC300419BD00035C14 /* SettingsViewModel.swift */,
				30CCC3CD300419BD00035C14 /* StatisticsViewModel.swift */,
				30CCC3CE300419BD00035C14 /* TemplatesViewModel.swift */,
				30CCC3CF300419BD00035C14 /* WheelViewModel.swift */,
			);
			path = ViewModels;
			sourceTree = "<group>";
		};
		30CCC3D2300419BD00035C14 /* Bracket */ = {
			isa = PBXGroup;
			children = (
				30CCC3D1300419BD00035C14 /* BracketView.swift */,
			);
			path = Bracket;
			sourceTree = "<group>";
		};
		30CCC3D4300419BD00035C14 /* Coin */ = {
			isa = PBXGroup;
			children = (
				30CCC3D3300419BD00035C14 /* CoinView.swift */,
			);
			path = Coin;
			sourceTree = "<group>";
		};
		30CCC3D6300419BD00035C14 /* Collections */ = {
			isa = PBXGroup;
			children = (
				30CCC3D5300419BD00035C14 /* CollectionsView.swift */,
			);
			path = Collections;
			sourceTree = "<group>";
		};
		30CCC3D8300419BD00035C14 /* Dice */ = {
			isa = PBXGroup;
			children = (
				30CCC3D7300419BD00035C14 /* DiceView.swift */,
			);
			path = Dice;
			sourceTree = "<group>";
		};
		30CCC3DA300419BD00035C14 /* Elimination */ = {
			isa = PBXGroup;
			children = (
				30CCC3D9300419BD00035C14 /* EliminationView.swift */,
			);
			path = Elimination;
			sourceTree = "<group>";
		};
		30CCC3DC300419BD00035C14 /* Guided */ = {
			isa = PBXGroup;
			children = (
				30CCC3DB300419BD00035C14 /* GuidedFlowView.swift */,
			);
			path = Guided;
			sourceTree = "<group>";
		};
		30CCC3DE300419BD00035C14 /* History */ = {
			isa = PBXGroup;
			children = (
				30CCC3DD300419BD00035C14 /* HistoryView.swift */,
			);
			path = History;
			sourceTree = "<group>";
		};
		30CCC3E1300419BD00035C14 /* Components */ = {
			isa = PBXGroup;
			children = (
				30CCC3DF300419BD00035C14 /* HomeComponents.swift */,
				30CCC3E0300419BD00035C14 /* HomeWidgets.swift */,
			);
			path = Components;
			sourceTree = "<group>";
		};
		30CCC3E3300419BD00035C14 /* Home */ = {
			isa = PBXGroup;
			children = (
				30CCC3E1300419BD00035C14 /* Components */,
				30CCC3E2300419BD00035C14 /* HomeView.swift */,
			);
			path = Home;
			sourceTree = "<group>";
		};
		30CCC3E5300419BD00035C14 /* ImportExport */ = {
			isa = PBXGroup;
			children = (
				30CCC3E4300419BD00035C14 /* ImportExportView.swift */,
			);
			path = ImportExport;
			sourceTree = "<group>";
		};
		30CCC3E7300419BD00035C14 /* Onboarding */ = {
			isa = PBXGroup;
			children = (
				30CCC3E6300419BD00035C14 /* OnboardingView.swift */,
			);
			path = Onboarding;
			sourceTree = "<group>";
		};
		30CCC3E9300419BD00035C14 /* OptionForm */ = {
			isa = PBXGroup;
			children = (
				30CCC3E8300419BD00035C14 /* OptionFormView.swift */,
			);
			path = OptionForm;
			sourceTree = "<group>";
		};
		30CCC3EC300419BD00035C14 /* OptionList */ = {
			isa = PBXGroup;
			children = (
				30CCC3EA300419BD00035C14 /* OptionCardView.swift */,
				30CCC3EB300419BD00035C14 /* OptionListView.swift */,
			);
			path = OptionList;
			sourceTree = "<group>";
		};
		30CCC3EE300419BD00035C14 /* Settings */ = {
			isa = PBXGroup;
			children = (
				30CCC3ED300419BD00035C14 /* SettingsView.swift */,
			);
			path = Settings;
			sourceTree = "<group>";
		};
		30CCC3F0300419BD00035C14 /* Statistics */ = {
			isa = PBXGroup;
			children = (
				30CCC3EF300419BD00035C14 /* StatisticsView.swift */,
			);
			path = Statistics;
			sourceTree = "<group>";
		};
		30CCC3F2300419BD00035C14 /* Templates */ = {
			isa = PBXGroup;
			children = (
				30CCC3F1300419BD00035C14 /* TemplatesView.swift */,
			);
			path = Templates;
			sourceTree = "<group>";
		};
		30CCC3F5300419BD00035C14 /* Wheel */ = {
			isa = PBXGroup;
			children = (
				30CCC3F3300419BD00035C14 /* WheelOfFortuneView.swift */,
				30CCC3F4300419BD00035C14 /* WheelView.swift */,
			);
			path = Wheel;
			sourceTree = "<group>";
		};
		30CCC3F6300419BD00035C14 /* Views */ = {
			isa = PBXGroup;
			children = (
				30CCC3D2300419BD00035C14 /* Bracket */,
				30CCC3D4300419BD00035C14 /* Coin */,
				30CCC3D6300419BD00035C14 /* Collections */,
				30CCC3D8300419BD00035C14 /* Dice */,
				30CCC3DA300419BD00035C14 /* Elimination */,
				30CCC3DC300419BD00035C14 /* Guided */,
				30CCC3DE300419BD00035C14 /* History */,
				30CCC3E3300419BD00035C14 /* Home */,
				30CCC3E5300419BD00035C14 /* ImportExport */,
				30CCC3E7300419BD00035C14 /* Onboarding */,
				30CCC3E9300419BD00035C14 /* OptionForm */,
				30CCC3EC300419BD00035C14 /* OptionList */,
				30CCC3EE300419BD00035C14 /* Settings */,
				30CCC3F0300419BD00035C14 /* Statistics */,
				30CCC3F2300419BD00035C14 /* Templates */,
				30CCC3F5300419BD00035C14 /* Wheel */,
			);
			path = Views;
			sourceTree = "<group>";
		};
		30CCC401300419BD00035C14 /* 194DecisionMaker */ = {
			isa = PBXGroup;
			children = (
				30CCC3A8300419BD00035C14 /* Common */,
				30CCC3AA300419BD00035C14 /* Coordinators */,
				30CCC3B5300419BD00035C14 /* Models */,
				30CCC3BE300419BD00035C14 /* Services */,
				30CCC3D0300419BD00035C14 /* ViewModels */,
				30CCC3F6300419BD00035C14 /* Views */,
				30CCC3F7300419BD00035C14 /* AppDelegate.swift */,
				30CCC3F8300419BD00035C14 /* Assets.xcassets */,
				30CCC3F9300419BD00035C14 /* ContentView.swift */,
				30CCC3FA300419BD00035C14 /* Info.plist */,
				30CCC3FC300419BD00035C14 /* LaunchScreen.storyboard */,
				30CCC3FE300419BD00035C14 /* Main.storyboard */,
				30CCC3FF300419BD00035C14 /* SceneDelegate.swift */,
				30CCC400300419BD00035C14 /* ViewController.swift */,
			);
			path = 194DecisionMaker;
			sourceTree = "<group>";
		};
		78C740E3870B8B4B0F20C710 /* Pods */ = {
			isa = PBXGroup;
			children = (
				ADE74EC0CE426008F5A168F9 /* Pods-194DecisionMaker.debug.xcconfig */,
				64D3536941305FC6E07C67DA /* Pods-194DecisionMaker.release.xcconfig */,
			);
			path = Pods;
			sourceTree = "<group>";
		};
		942851D5201C16BE97E7EA18 /* Frameworks */ = {
			isa = PBXGroup;
			children = (
				E8A776B8AD2922C51873487C /* Pods_194DecisionMaker.framework */,
			);
			name = Frameworks;
			sourceTree = "<group>";
		};
/* End PBXGroup section */

/* Begin PBXNativeTarget section */
		30CCB6C22FFE5CBE00035C14 /* 194DecisionMaker */ = {
			isa = PBXNativeTarget;
			buildConfigurationList = 30CCB6D62FFE5CC000035C14 /* Build configuration list for PBXNativeTarget "194DecisionMaker" */;
			buildPhases = (
				E4837A4AAF021D6EA6ED2BBC /* [CP] Check Pods Manifest.lock */,
				30CCB6BF2FFE5CBE00035C14 /* Sources */,
				30CCB6C02FFE5CBE00035C14 /* Frameworks */,
				30CCB6C12FFE5CBE00035C14 /* Resources */,
			);
			buildRules = (
			);
			dependencies = (
			);
			name = 194DecisionMaker;
			productName = 194DecisionMaker;
			productReference = 30CCB6C32FFE5CBE00035C14 /* 194DecisionMaker.app */;
			productType = "com.apple.product-type.application";
		};
/* End PBXNativeTarget section */

/* Begin PBXProject section */
		30CCB6BB2FFE5CBE00035C14 /* Project object */ = {
			isa = PBXProject;
			attributes = {
				BuildIndependentTargetsInParallel = 1;
				LastSwiftUpdateCheck = 2660;
				LastUpgradeCheck = 2660;
				TargetAttributes = {
					30CCB6C22FFE5CBE00035C14 = {
						CreatedOnToolsVersion = 26.6;
					};
				};
			};
			buildConfigurationList = 30CCB6BE2FFE5CBE00035C14 /* Build configuration list for PBXProject "194DecisionMaker" */;
			compatibilityVersion = "Xcode 15.0";
			developmentRegion = en;
			hasScannedForEncodings = 0;
			knownRegions = (
				en,
				Base,
			);
			mainGroup = 30CCB6BA2FFE5CBE00035C14;
			productRefGroup = 30CCB6C42FFE5CBE00035C14 /* Products */;
			projectDirPath = "";
			projectRoot = "";
			targets = (
				30CCB6C22FFE5CBE00035C14 /* 194DecisionMaker */,
			);
		};
/* End PBXProject section */

/* Begin PBXResourcesBuildPhase section */
		30CCB6C12FFE5CBE00035C14 /* Resources */ = {
			isa = PBXResourcesBuildPhase;
			buildActionMask = 2147483647;
			files = (
				30CCC44E300419BD00035C14 /* Assets.xcassets in Resources */,
				30CCC450300419BD00035C14 /* LaunchScreen.storyboard in Resources */,
				30CCC451300419BD00035C14 /* Main.storyboard in Resources */,
			);
			runOnlyForDeploymentPostprocessing = 0;
		};
/* End PBXResourcesBuildPhase section */

/* Begin PBXShellScriptBuildPhase section */
		E4837A4AAF021D6EA6ED2BBC /* [CP] Check Pods Manifest.lock */ = {
			isa = PBXShellScriptBuildPhase;
			buildActionMask = 2147483647;
			files = (
			);
			inputFileListPaths = (
			);
			inputPaths = (
				"${PODS_PODFILE_DIR_PATH}/Podfile.lock",
				"${PODS_ROOT}/Manifest.lock",
			);
			name = "[CP] Check Pods Manifest.lock";
			outputFileListPaths = (
			);
			outputPaths = (
				"$(DERIVED_FILE_DIR)/Pods-194DecisionMaker-checkManifestLockResult.txt",
			);
			runOnlyForDeploymentPostprocessing = 0;
			shellPath = /bin/sh;
			shellScript = "diff \"${PODS_PODFILE_DIR_PATH}/Podfile.lock\" \"${PODS_ROOT}/Manifest.lock\" > /dev/null\nif [ $? != 0 ] ; then\n    # print error to STDERR\n    echo \"error: The sandbox is not in sync with the Podfile.lock. Run 'pod install' or update your CocoaPods installation.\" >&2\n    exit 1\nfi\n# This output is used by Xcode 'outputs' to avoid re-running this script phase.\necho \"SUCCESS\" > \"${SCRIPT_OUTPUT_FILE_0}\"\n";
			showEnvVarsInLog = 0;
		};
/* End PBXShellScriptBuildPhase section */

/* Begin PBXSourcesBuildPhase section */
		30CCB6BF2FFE5CBE00035C14 /* Sources */ = {
			isa = PBXSourcesBuildPhase;
			buildActionMask = 2147483647;
			files = (
				30CCC402300419BD00035C14 /* AppButtons.swift in Sources */,
				30CCC403300419BD00035C14 /* AppCells.swift in Sources */,
				30CCC404300419BD00035C14 /* AppDesignTokens.swift in Sources */,
				30CCC405300419BD00035C14 /* AppScreenShell.swift in Sources */,
				30CCC406300419BD00035C14 /* FormComponents.swift in Sources */,
				30CCC407300419BD00035C14 /* EmptyStateView.swift in Sources */,
				30CCC408300419BD00035C14 /* GradientBackground.swift in Sources */,
				30CCC409300419BD00035C14 /* JournalFeedbackSheet.swift in Sources */,
				30CCC40A300419BD00035C14 /* ModeSelectorView.swift in Sources */,
				30CCC40B300419BD00035C14 /* ShareSheet.swift in Sources */,
				30CCC40C300419BD00035C14 /* Color+Hex.swift in Sources */,
				30CCC40D300419BD00035C14 /* View+Screen.swift in Sources */,
				30CCC40E300419BD00035C14 /* AppLinks.swift in Sources */,
				30CCC40F300419BD00035C14 /* DateFormatter+App.swift in Sources */,
				30CCC410300419BD00035C14 /* DecisionRecorder.swift in Sources */,
				30CCC411300419BD00035C14 /* StorageKeys.swift in Sources */,
				30CCC412300419BD00035C14 /* AppCoordinator.swift in Sources */,
				30CCC413300419BD00035C14 /* DecisionHistory.swift in Sources */,
				30CCC414300419BD00035C14 /* DecisionMode.swift in Sources */,
				30CCC415300419BD00035C14 /* DecisionTemplate.swift in Sources */,
				30CCC416300419BD00035C14 /* ExportPackage.swift in Sources */,
				30CCC417300419BD00035C14 /* OnboardingPage.swift in Sources */,
				30CCC418300419BD00035C14 /* Option.swift in Sources */,
				30CCC419300419BD00035C14 /* OptionCollection.swift in Sources */,
				30CCC41A300419BD00035C14 /* SatisfactionRating.swift in Sources */,
				30CCC41B300419BD00035C14 /* SmartRules.swift in Sources */,
				30CCC41C300419BD00035C14 /* Statistics.swift in Sources */,
				30CCC41D300419BD00035C14 /* BracketEngine.swift in Sources */,
				30CCC41E300419BD00035C14 /* CoinEngine.swift in Sources */,
				30CCC41F300419BD00035C14 /* DiceEngine.swift in Sources */,
				30CCC420300419BD00035C14 /* ImportExportService.swift in Sources */,
				30CCC421300419BD00035C14 /* OptionFilterService.swift in Sources */,
				30CCC422300419BD00035C14 /* StorageService.swift in Sources */,
				30CCC423300419BD00035C14 /* TemplateService.swift in Sources */,
				30CCC424300419BD00035C14 /* WheelEngine.swift in Sources */,
				30CCC425300419BD00035C14 /* BracketViewModel.swift in Sources */,
				30CCC426300419BD00035C14 /* CoinViewModel.swift in Sources */,
				30CCC427300419BD00035C14 /* CollectionsViewModel.swift in Sources */,
				30CCC428300419BD00035C14 /* DiceViewModel.swift in Sources */,
				30CCC429300419BD00035C14 /* EliminationViewModel.swift in Sources */,
				30CCC42A300419BD00035C14 /* GuidedFlowViewModel.swift in Sources */,
				30CCC42B300419BD00035C14 /* HistoryViewModel.swift in Sources */,
				30CCC42C300419BD00035C14 /* HomeViewModel.swift in Sources */,
				30CCC42D300419BD00035C14 /* HomeViewModel+Widgets.swift in Sources */,
				30CCC42E300419BD00035C14 /* ImportExportViewModel.swift in Sources */,
				30CCC42F300419BD00035C14 /* OnboardingViewModel.swift in Sources */,
				30CCC430300419BD00035C14 /* OptionFormViewModel.swift in Sources */,
				30CCC431300419BD00035C14 /* OptionListViewModel.swift in Sources */,
				30CCC432300419BD00035C14 /* SettingsViewModel.swift in Sources */,
				30CCC433300419BD00035C14 /* StatisticsViewModel.swift in Sources */,
				30CCC434300419BD00035C14 /* TemplatesViewModel.swift in Sources */,
				30CCC435300419BD00035C14 /* WheelViewModel.swift in Sources */,
				30CCC436300419BD00035C14 /* BracketView.swift in Sources */,
				30CCC437300419BD00035C14 /* CoinView.swift in Sources */,
				30CCC438300419BD00035C14 /* CollectionsView.swift in Sources */,
				30CCC439300419BD00035C14 /* DiceView.swift in Sources */,
				30CCC43A300419BD00035C14 /* EliminationView.swift in Sources */,
				30CCC43B300419BD00035C14 /* GuidedFlowView.swift in Sources */,
				30CCC43C300419BD00035C14 /* HistoryView.swift in Sources */,
				30CCC43D300419BD00035C14 /* HomeComponents.swift in Sources */,
				30CCC43E300419BD00035C14 /* HomeWidgets.swift in Sources */,
				30CCC43F300419BD00035C14 /* HomeView.swift in Sources */,
				30CCC440300419BD00035C14 /* ImportExportView.swift in Sources */,
				30CCC441300419BD00035C14 /* OnboardingView.swift in Sources */,
				30CCC442300419BD00035C14 /* OptionFormView.swift in Sources */,
				30CCC443300419BD00035C14 /* OptionCardView.swift in Sources */,
				30CCC444300419BD00035C14 /* OptionListView.swift in Sources */,
				30CCC445300419BD00035C14 /* SettingsView.swift in Sources */,
				30CCC446300419BD00035C14 /* StatisticsView.swift in Sources */,
				30CCC447300419BD00035C14 /* TemplatesView.swift in Sources */,
				30CCC448300419BD00035C14 /* WheelOfFortuneView.swift in Sources */,
				30CCC449300419BD00035C14 /* WheelView.swift in Sources */,
				30CCC44A300419BD00035C14 /* AppDelegate.swift in Sources */,
				30CCC44B300419BD00035C14 /* ContentView.swift in Sources */,
				30CCC44C300419BD00035C14 /* SceneDelegate.swift in Sources */,
				30CCC44D300419BD00035C14 /* ViewController.swift in Sources */,
			);
			runOnlyForDeploymentPostprocessing = 0;
		};
/* End PBXSourcesBuildPhase section */

/* Begin PBXVariantGroup section */
		30CCC3FC300419BD00035C14 /* LaunchScreen.storyboard */ = {
			isa = PBXVariantGroup;
			children = (
				30CCC3FB300419BD00035C14 /* Base */,
			);
			name = LaunchScreen.storyboard;
			sourceTree = "<group>";
		};
		30CCC3FE300419BD00035C14 /* Main.storyboard */ = {
			isa = PBXVariantGroup;
			children = (
				30CCC3FD300419BD00035C14 /* Base */,
			);
			name = Main.storyboard;
			sourceTree = "<group>";
		};
/* End PBXVariantGroup section */

/* Begin XCBuildConfiguration section */
		30CCB6D72FFE5CC000035C14 /* Debug */ = {
			isa = XCBuildConfiguration;
			baseConfigurationReference = ADE74EC0CE426008F5A168F9 /* Pods-194DecisionMaker.debug.xcconfig */;
			buildSettings = {
				ASSETCATALOG_COMPILER_APPICON_NAME = AppIcon;
				ASSETCATALOG_COMPILER_GLOBAL_ACCENT_COLOR_NAME = AccentColor;
				CODE_SIGN_STYLE = Automatic;
				CURRENT_PROJECT_VERSION = 1;
				GENERATE_INFOPLIST_FILE = YES;
				INFOPLIST_FILE = 194DecisionMaker/Info.plist;
				INFOPLIST_KEY_CFBundleDisplayName = "Raidnuous Aleatoric";
				INFOPLIST_KEY_UIApplicationSupportsIndirectInputEvents = YES;
				INFOPLIST_KEY_UILaunchStoryboardName = LaunchScreen;
				INFOPLIST_KEY_UIMainStoryboardFile = Main;
				INFOPLIST_KEY_UISupportedInterfaceOrientations = UIInterfaceOrientationPortrait;
				INFOPLIST_KEY_UISupportedInterfaceOrientations_iPad = "UIInterfaceOrientationLandscapeLeft UIInterfaceOrientationLandscapeRight UIInterfaceOrientationPortrait UIInterfaceOrientationPortraitUpsideDown";
				IPHONEOS_DEPLOYMENT_TARGET = 17.0;
				LD_RUNPATH_SEARCH_PATHS = (
					"$(inherited)",
					"@executable_path/Frameworks",
				);
				MARKETING_VERSION = 1.0;
				PRODUCT_BUNDLE_IDENTIFIER = com.dan.r81dn93s8l34tr0n3c;
				PRODUCT_NAME = "$(TARGET_NAME)";
				STRING_CATALOG_GENERATE_SYMBOLS = YES;
				SUPPORTED_PLATFORMS = "iphoneos iphonesimulator";
				SUPPORTS_MACCATALYST = NO;
				SUPPORTS_MAC_DESIGNED_FOR_IPHONE_IPAD = NO;
				SUPPORTS_XR_DESIGNED_FOR_IPHONE_IPAD = NO;
				SWIFT_APPROACHABLE_CONCURRENCY = YES;
				SWIFT_DEFAULT_ACTOR_ISOLATION = MainActor;
				SWIFT_EMIT_LOC_STRINGS = YES;
				SWIFT_UPCOMING_FEATURE_MEMBER_IMPORT_VISIBILITY = YES;
				SWIFT_VERSION = 5.0;
				TARGETED_DEVICE_FAMILY = 1;
			};
			name = Debug;
		};
		30CCB6D82FFE5CC000035C14 /* Release */ = {
			isa = XCBuildConfiguration;
			baseConfigurationReference = 64D3536941305FC6E07C67DA /* Pods-194DecisionMaker.release.xcconfig */;
			buildSettings = {
				ASSETCATALOG_COMPILER_APPICON_NAME = AppIcon;
				ASSETCATALOG_COMPILER_GLOBAL_ACCENT_COLOR_NAME = AccentColor;
				CODE_SIGN_STYLE = Automatic;
				CURRENT_PROJECT_VERSION = 1;
				GENERATE_INFOPLIST_FILE = YES;
				INFOPLIST_FILE = 194DecisionMaker/Info.plist;
				INFOPLIST_KEY_CFBundleDisplayName = "Raidnuous Aleatoric";
				INFOPLIST_KEY_UIApplicationSupportsIndirectInputEvents = YES;
				INFOPLIST_KEY_UILaunchStoryboardName = LaunchScreen;
				INFOPLIST_KEY_UIMainStoryboardFile = Main;
				INFOPLIST_KEY_UISupportedInterfaceOrientations = UIInterfaceOrientationPortrait;
				INFOPLIST_KEY_UISupportedInterfaceOrientations_iPad = "UIInterfaceOrientationLandscapeLeft UIInterfaceOrientationLandscapeRight UIInterfaceOrientationPortrait UIInterfaceOrientationPortraitUpsideDown";
				IPHONEOS_DEPLOYMENT_TARGET = 17.0;
				LD_RUNPATH_SEARCH_PATHS = (
					"$(inherited)",
					"@executable_path/Frameworks",
				);
				MARKETING_VERSION = 1.0;
				PRODUCT_BUNDLE_IDENTIFIER = com.dan.r81dn93s8l34tr0n3c;
				PRODUCT_NAME = "$(TARGET_NAME)";
				STRING_CATALOG_GENERATE_SYMBOLS = YES;
				SUPPORTED_PLATFORMS = "iphoneos iphonesimulator";
				SUPPORTS_MACCATALYST = NO;
				SUPPORTS_MAC_DESIGNED_FOR_IPHONE_IPAD = NO;
				SUPPORTS_XR_DESIGNED_FOR_IPHONE_IPAD = NO;
				SWIFT_APPROACHABLE_CONCURRENCY = YES;
				SWIFT_DEFAULT_ACTOR_ISOLATION = MainActor;
				SWIFT_EMIT_LOC_STRINGS = YES;
				SWIFT_UPCOMING_FEATURE_MEMBER_IMPORT_VISIBILITY = YES;
				SWIFT_VERSION = 5.0;
				TARGETED_DEVICE_FAMILY = 1;
			};
			name = Release;
		};
		30CCB6D92FFE5CC000035C14 /* Debug */ = {
			isa = XCBuildConfiguration;
			buildSettings = {
				ALWAYS_SEARCH_USER_PATHS = NO;
				ASSETCATALOG_COMPILER_GENERATE_SWIFT_ASSET_SYMBOL_EXTENSIONS = YES;
				CLANG_ANALYZER_NONNULL = YES;
				CLANG_ANALYZER_NUMBER_OBJECT_CONVERSION = YES_AGGRESSIVE;
				CLANG_CXX_LANGUAGE_STANDARD = "gnu++20";
				CLANG_ENABLE_MODULES = YES;
				CLANG_ENABLE_OBJC_ARC = YES;
				CLANG_ENABLE_OBJC_WEAK = YES;
				CLANG_WARN_BLOCK_CAPTURE_AUTORELEASING = YES;
				CLANG_WARN_BOOL_CONVERSION = YES;
				CLANG_WARN_COMMA = YES;
				CLANG_WARN_CONSTANT_CONVERSION = YES;
				CLANG_WARN_DEPRECATED_OBJC_IMPLEMENTATIONS = YES;
				CLANG_WARN_DIRECT_OBJC_ISA_USAGE = YES_ERROR;
				CLANG_WARN_DOCUMENTATION_COMMENTS = YES;
				CLANG_WARN_EMPTY_BODY = YES;
				CLANG_WARN_ENUM_CONVERSION = YES;
				CLANG_WARN_INFINITE_RECURSION = YES;
				CLANG_WARN_INT_CONVERSION = YES;
				CLANG_WARN_NON_LITERAL_NULL_CONVERSION = YES;
				CLANG_WARN_OBJC_IMPLICIT_RETAIN_SELF = YES;
				CLANG_WARN_OBJC_LITERAL_CONVERSION = YES;
				CLANG_WARN_OBJC_ROOT_CLASS = YES_ERROR;
				CLANG_WARN_QUOTED_INCLUDE_IN_FRAMEWORK_HEADER = YES;
				CLANG_WARN_RANGE_LOOP_ANALYSIS = YES;
				CLANG_WARN_STRICT_PROTOTYPES = YES;
				CLANG_WARN_SUSPICIOUS_MOVE = YES;
				CLANG_WARN_UNGUARDED_AVAILABILITY = YES_AGGRESSIVE;
				CLANG_WARN_UNREACHABLE_CODE = YES;
				CLANG_WARN__DUPLICATE_METHOD_MATCH = YES;
				COPY_PHASE_STRIP = NO;
				DEBUG_INFORMATION_FORMAT = dwarf;
				ENABLE_STRICT_OBJC_MSGSEND = YES;
				ENABLE_TESTABILITY = YES;
				ENABLE_USER_SCRIPT_SANDBOXING = YES;
				GCC_C_LANGUAGE_STANDARD = gnu17;
				GCC_DYNAMIC_NO_PIC = NO;
				GCC_NO_COMMON_BLOCKS = YES;
				GCC_OPTIMIZATION_LEVEL = 0;
				GCC_PREPROCESSOR_DEFINITIONS = (
					"DEBUG=1",
					"$(inherited)",
				);
				GCC_WARN_64_TO_32_BIT_CONVERSION = YES;
				GCC_WARN_ABOUT_RETURN_TYPE = YES_ERROR;
				GCC_WARN_UNDECLARED_SELECTOR = YES;
				GCC_WARN_UNINITIALIZED_AUTOS = YES_AGGRESSIVE;
				GCC_WARN_UNUSED_FUNCTION = YES;
				GCC_WARN_UNUSED_VARIABLE = YES;
				IPHONEOS_DEPLOYMENT_TARGET = 26.5;
				LOCALIZATION_PREFERS_STRING_CATALOGS = YES;
				MTL_ENABLE_DEBUG_INFO = INCLUDE_SOURCE;
				MTL_FAST_MATH = YES;
				ONLY_ACTIVE_ARCH = YES;
				SDKROOT = iphoneos;
				SWIFT_ACTIVE_COMPILATION_CONDITIONS = "DEBUG $(inherited)";
				SWIFT_OPTIMIZATION_LEVEL = "-Onone";
			};
			name = Debug;
		};
		30CCB6DA2FFE5CC000035C14 /* Release */ = {
			isa = XCBuildConfiguration;
			buildSettings = {
				ALWAYS_SEARCH_USER_PATHS = NO;
				ASSETCATALOG_COMPILER_GENERATE_SWIFT_ASSET_SYMBOL_EXTENSIONS = YES;
				CLANG_ANALYZER_NONNULL = YES;
				CLANG_ANALYZER_NUMBER_OBJECT_CONVERSION = YES_AGGRESSIVE;
				CLANG_CXX_LANGUAGE_STANDARD = "gnu++20";
				CLANG_ENABLE_MODULES = YES;
				CLANG_ENABLE_OBJC_ARC = YES;
				CLANG_ENABLE_OBJC_WEAK = YES;
				CLANG_WARN_BLOCK_CAPTURE_AUTORELEASING = YES;
				CLANG_WARN_BOOL_CONVERSION = YES;
				CLANG_WARN_COMMA = YES;
				CLANG_WARN_CONSTANT_CONVERSION = YES;
				CLANG_WARN_DEPRECATED_OBJC_IMPLEMENTATIONS = YES;
				CLANG_WARN_DIRECT_OBJC_ISA_USAGE = YES_ERROR;
				CLANG_WARN_DOCUMENTATION_COMMENTS = YES;
				CLANG_WARN_EMPTY_BODY = YES;
				CLANG_WARN_ENUM_CONVERSION = YES;
				CLANG_WARN_INFINITE_RECURSION = YES;
				CLANG_WARN_INT_CONVERSION = YES;
				CLANG_WARN_NON_LITERAL_NULL_CONVERSION = YES;
				CLANG_WARN_OBJC_IMPLICIT_RETAIN_SELF = YES;
				CLANG_WARN_OBJC_LITERAL_CONVERSION = YES;
				CLANG_WARN_OBJC_ROOT_CLASS = YES_ERROR;
				CLANG_WARN_QUOTED_INCLUDE_IN_FRAMEWORK_HEADER = YES;
				CLANG_WARN_RANGE_LOOP_ANALYSIS = YES;
				CLANG_WARN_STRICT_PROTOTYPES = YES;
				CLANG_WARN_SUSPICIOUS_MOVE = YES;
				CLANG_WARN_UNGUARDED_AVAILABILITY = YES_AGGRESSIVE;
				CLANG_WARN_UNREACHABLE_CODE = YES;
				CLANG_WARN__DUPLICATE_METHOD_MATCH = YES;
				COPY_PHASE_STRIP = NO;
				DEBUG_INFORMATION_FORMAT = "dwarf-with-dsym";
				ENABLE_NS_ASSERTIONS = NO;
				ENABLE_STRICT_OBJC_MSGSEND = YES;
				ENABLE_USER_SCRIPT_SANDBOXING = YES;
				GCC_C_LANGUAGE_STANDARD = gnu17;
				GCC_NO_COMMON_BLOCKS = YES;
				GCC_WARN_64_TO_32_BIT_CONVERSION = YES;
				GCC_WARN_ABOUT_RETURN_TYPE = YES_ERROR;
				GCC_WARN_UNDECLARED_SELECTOR = YES;
				GCC_WARN_UNINITIALIZED_AUTOS = YES_AGGRESSIVE;
				GCC_WARN_UNUSED_FUNCTION = YES;
				GCC_WARN_UNUSED_VARIABLE = YES;
				IPHONEOS_DEPLOYMENT_TARGET = 26.5;
				LOCALIZATION_PREFERS_STRING_CATALOGS = YES;
				MTL_ENABLE_DEBUG_INFO = NO;
				MTL_FAST_MATH = YES;
				SDKROOT = iphoneos;
				SWIFT_COMPILATION_MODE = wholemodule;
				VALIDATE_PRODUCT = YES;
			};
			name = Release;
		};
/* End XCBuildConfiguration section */

/* Begin XCConfigurationList section */
		30CCB6BE2FFE5CBE00035C14 /* Build configuration list for PBXProject "194DecisionMaker" */ = {
			isa = XCConfigurationList;
			buildConfigurations = (
				30CCB6D92FFE5CC000035C14 /* Debug */,
				30CCB6DA2FFE5CC000035C14 /* Release */,
			);
			defaultConfigurationIsVisible = 0;
			defaultConfigurationName = Release;
		};
		30CCB6D62FFE5CC000035C14 /* Build configuration list for PBXNativeTarget "194DecisionMaker" */ = {
			isa = XCConfigurationList;
			buildConfigurations = (
				30CCB6D72FFE5CC000035C14 /* Debug */,
				30CCB6D82FFE5CC000035C14 /* Release */,
			);
			defaultConfigurationIsVisible = 0;
			defaultConfigurationName = Release;
		};
/* End XCConfigurationList section */
	};
	rootObject = 30CCB6BB2FFE5CBE00035C14 /* Project object */;
}
